# This file is automatically @generated by Cargo.
# It is not intended for manual editing.
version = 3

[[package]]
name = "fileorz"
version = "0.1.0"
dependencies = [
 "fileorz-core",
]

[[package]]
name = "fileorz-core"
version = "0.1.0"

[[package]]
name = "fileorz-e2e"
version = "0.1.0"

[[package]]
name = "fileorz-i18n"
version = "0.1.0"

[[package]]
name = "fileorz-linux"
version = "0.1.0"

[[package]]
name = "fileorz-parity"
version = "0.1.0"

[[package]]
name = "fileorz-ui"
version = "0.1.0"
